
Microsoft Visual Studio Solution File, Format Version 12.00
# Visual Studio Version 17
VisualStudioVersion = 17.8.34309.116
MinimumVisualStudioVersion = 10.0.40219.1
Project("{2150E333-8FDC-42A3-9474-1A3956D46DE8}") = "src", "src", "{05BCCE09-A44A-4770-9BAC-EE03F233E948}"
EndProject
Project("{2150E333-8FDC-42A3-9474-1A3956D46DE8}") = "web", "web", "{18AB8E99-E874-4B93-AF72-FB47748C4CB5}"
EndProject
Project("{2150E333-8FDC-42A3-9474-1A3956D46DE8}") = "tests", "tests", "{F909B1A7-7F07-47F9-8B81-D08C2179CAA1}"
EndProject
Project("{2150E333-8FDC-42A3-9474-1A3956D46DE8}") = "UseCases", "UseCases", "{A63A806C-EF7A-4B32-B21E-F212509A20F9}"
EndProject
Project("{2150E333-8FDC-42A3-9474-1A3956D46DE8}") = "API", "API", "{C5C5B80C-649A-4C82-A18D-43E3C8704212}"
EndProject
Project("{2150E333-8FDC-42A3-9474-1A3956D46DE8}") = "Domain", "Domain", "{BF915448-8CC1-43EA-AFD9-998274D6D98F}"
EndProject
Project("{2150E333-8FDC-42A3-9474-1A3956D46DE8}") = "Infra", "Infra", "{BDA1E094-B01F-4045-AA1D-52893ABEE9C4}"
EndProject
Project("{9A19103F-16F7-4668-BE54-9A1E7A4F7556}") = "RpcCalc.API", "src\RpcCalc.API\RpcCalc.API.csproj", "{DC18A6BB-42DB-4E95-87AE-F94458CDC72F}"
EndProject
Project("{9A19103F-16F7-4668-BE54-9A1E7A4F7556}") = "RpcCalc.Domain", "src\RpcCalc.Domain\RpcCalc.Domain.csproj", "{33A193E5-EA24-46B8-95CF-1B5BEED69146}"
EndProject
Project("{9A19103F-16F7-4668-BE54-9A1E7A4F7556}") = "RpcCalc.Infra", "src\RpcCalc.Infra\RpcCalc.Infra.csproj", "{E6D3BF40-86B1-4361-9439-89A74E8CE878}"
EndProject
Project("{9A19103F-16F7-4668-BE54-9A1E7A4F7556}") = "RpcCalc.UseCases", "src\RpcCalc.UseCases\RpcCalc.UseCases.csproj", "{748D5813-47FE-4532-9949-F89A2E7A6D22}"
EndProject
Project("{9A19103F-16F7-4668-BE54-9A1E7A4F7556}") = "RpcCalc.Tests", "tests\RpcCalc.Tests\RpcCalc.Tests.csproj", "{44DFB2EF-2617-4E8D-94F0-E5CE7C8F92AA}"
EndProject
Project("{9A19103F-16F7-4668-BE54-9A1E7A4F7556}") = "RpcCalc.APP", "web\RpcCalc.APP\RpcCalc.APP.csproj", "{240C87EF-5C88-421A-BA33-07B1F52ACF85}"
EndProject
Global
	GlobalSection(SolutionConfigurationPlatforms) = preSolution
		Debug|Any CPU = Debug|Any CPU
		Release|Any CPU = Release|Any CPU
	EndGlobalSection
	GlobalSection(ProjectConfigurationPlatforms) = postSolution
		{DC18A6BB-42DB-4E95-87AE-F94458CDC72F}.Debug|Any CPU.ActiveCfg = Debug|Any CPU
		{DC18A6BB-42DB-4E95-87AE-F94458CDC72F}.Debug|Any CPU.Build.0 = Debug|Any CPU
		{DC18A6BB-42DB-4E95-87AE-F94458CDC72F}.Release|Any CPU.ActiveCfg = Release|Any CPU
		{DC18A6BB-42DB-4E95-87AE-F94458CDC72F}.Release|Any CPU.Build.0 = Release|Any CPU
		{33A193E5-EA24-46B8-95CF-1B5BEED69146}.Debug|Any CPU.ActiveCfg = Debug|Any CPU
		{33A193E5-EA24-46B8-95CF-1B5BEED69146}.Debug|Any CPU.Build.0 = Debug|Any CPU
		{33A193E5-EA24-46B8-95CF-1B5BEED69146}.Release|Any CPU.ActiveCfg = Release|Any CPU
		{33A193E5-EA24-46B8-95CF-1B5BEED69146}.Release|Any CPU.Build.0 = Release|Any CPU
		{E6D3BF40-86B1-4361-9439-89A74E8CE878}.Debug|Any CPU.ActiveCfg = Debug|Any CPU
		{E6D3BF40-86B1-4361-9439-89A74E8CE878}.Debug|Any CPU.Build.0 = Debug|Any CPU
		{E6D3BF40-86B1-4361-9439-89A74E8CE878}.Release|Any CPU.ActiveCfg = Release|Any CPU
		{E6D3BF40-86B1-4361-9439-89A74E8CE878}.Release|Any CPU.Build.0 = Release|Any CPU
		{748D5813-47FE-4532-9949-F89A2E7A6D22}.Debug|Any CPU.ActiveCfg = Debug|Any CPU
		{748D5813-47FE-4532-9949-F89A2E7A6D22}.Debug|Any CPU.Build.0 = Debug|Any CPU
		{748D5813-47FE-4532-9949-F89A2E7A6D22}.Release|Any CPU.ActiveCfg = Release|Any CPU
		{748D5813-47FE-4532-9949-F89A2E7A6D22}.Release|Any CPU.Build.0 = Release|Any CPU
		{44DFB2EF-2617-4E8D-94F0-E5CE7C8F92AA}.Debug|Any CPU.ActiveCfg = Debug|Any CPU
		{44DFB2EF-2617-4E8D-94F0-E5CE7C8F92AA}.Debug|Any CPU.Build.0 = Debug|Any CPU
		{44DFB2EF-2617-4E8D-94F0-E5CE7C8F92AA}.Release|Any CPU.ActiveCfg = Release|Any CPU
		{44DFB2EF-2617-4E8D-94F0-E5CE7C8F92AA}.Release|Any CPU.Build.0 = Release|Any CPU
		{240C87EF-5C88-421A-BA33-07B1F52ACF85}.Debug|Any CPU.ActiveCfg = Debug|Any CPU
		{240C87EF-5C88-421A-BA33-07B1F52ACF85}.Debug|Any CPU.Build.0 = Debug|Any CPU
		{240C87EF-5C88-421A-BA33-07B1F52ACF85}.Release|Any CPU.ActiveCfg = Release|Any CPU
		{240C87EF-5C88-421A-BA33-07B1F52ACF85}.Release|Any CPU.Build.0 = Release|Any CPU
	EndGlobalSection
	GlobalSection(SolutionProperties) = preSolution
		HideSolutionNode = FALSE
	EndGlobalSection
	GlobalSection(NestedProjects) = preSolution
		{A63A806C-EF7A-4B32-B21E-F212509A20F9} = {05BCCE09-A44A-4770-9BAC-EE03F233E948}
		{C5C5B80C-649A-4C82-A18D-43E3C8704212} = {05BCCE09-A44A-4770-9BAC-EE03F233E948}
		{BF915448-8CC1-43EA-AFD9-998274D6D98F} = {05BCCE09-A44A-4770-9BAC-EE03F233E948}
		{BDA1E094-B01F-4045-AA1D-52893ABEE9C4} = {05BCCE09-A44A-4770-9BAC-EE03F233E948}
		{DC18A6BB-42DB-4E95-87AE-F94458CDC72F} = {C5C5B80C-649A-4C82-A18D-43E3C8704212}
		{33A193E5-EA24-46B8-95CF-1B5BEED69146} = {BF915448-8CC1-43EA-AFD9-998274D6D98F}
		{E6D3BF40-86B1-4361-9439-89A74E8CE878} = {BDA1E094-B01F-4045-AA1D-52893ABEE9C4}
		{748D5813-47FE-4532-9949-F89A2E7A6D22} = {A63A806C-EF7A-4B32-B21E-F212509A20F9}
		{44DFB2EF-2617-4E8D-94F0-E5CE7C8F92AA} = {F909B1A7-7F07-47F9-8B81-D08C2179CAA1}
		{240C87EF-5C88-421A-BA33-07B1F52ACF85} = {18AB8E99-E874-4B93-AF72-FB47748C4CB5}
	EndGlobalSection
	GlobalSection(ExtensibilityGlobals) = postSolution
		SolutionGuid = {14CA4565-1A26-4613-B5AB-50498E0A495A}
	EndGlobalSection
EndGlobal
